
Microsoft Visual Studio Solution File, Format Version 11.00
# Visual Studio 2010
Project("{FAE04EC0-301F-11D3-BF4B-00C04F79EFBC}") = "XPManGildedRose", "XPManGildedRose\XPManGildedRose.csproj", "{993EECFB-7D89-4C36-AB9C-E87D4DA5EA68}"
EndProject
Global
	GlobalSection(SolutionConfigurationPlatforms) = preSolution
		Debug|x86 = Debug|x86
		Release|x86 = Release|x86
	EndGlobalSection
	GlobalSection(ProjectConfigurationPlatforms) = postSolution
		{993EECFB-7D89-4C36-AB9C-E87D4DA5EA68}.Debug|x86.ActiveCfg = Debug|x86
		{993EECFB-7D89-4C36-AB9C-E87D4DA5EA68}.Debug|x86.Build.0 = Debug|x86
		{993EECFB-7D89-4C36-AB9C-E87D4DA5EA68}.Release|x86.ActiveCfg = Release|x86
		{993EECFB-7D89-4C36-AB9C-E87D4DA5EA68}.Release|x86.Build.0 = Release|x86
	EndGlobalSection
	GlobalSection(SolutionProperties) = preSolution
		HideSolutionNode = FALSE
	EndGlobalSection
EndGlobal
